
Microsoft Visual Studio Solution File, Format Version 12.00
# Visual Studio Version 16
VisualStudioVersion = 16.0.31229.75
MinimumVisualStudioVersion = 10.0.40219.1
Project("{FAE04EC0-301F-11D3-BF4B-00C04F79EFBC}") = "WebApplication1", "WebApplication1.csproj", "{549D3422-08A7-450E-906B-E6EB026092CF}"
EndProject
Global
	GlobalSection(SolutionConfigurationPlatforms) = preSolution
		Debug|Any CPU = Debug|Any CPU
		Release|Any CPU = Release|Any CPU
	EndGlobalSection
	GlobalSection(ProjectConfigurationPlatforms) = postSolution
		{549D3422-08A7-450E-906B-E6EB026092CF}.Debug|Any CPU.ActiveCfg = Debug|Any CPU
		{549D3422-08A7-450E-906B-E6EB026092CF}.Debug|Any CPU.Build.0 = Debug|Any CPU
		{549D3422-08A7-450E-906B-E6EB026092CF}.Release|Any CPU.ActiveCfg = Release|Any CPU
		{549D3422-08A7-450E-906B-E6EB026092CF}.Release|Any CPU.Build.0 = Release|Any CPU
	EndGlobalSection
	GlobalSection(SolutionProperties) = preSolution
		HideSolutionNode = FALSE
	EndGlobalSection
	GlobalSection(ExtensibilityGlobals) = postSolution
		SolutionGuid = {A3357868-00C0-4727-8347-3BFCBBF1370A}
	EndGlobalSection
EndGlobal
